// !$*UTF8*$!
{
	archiveVersion = 1;
	classes = {
	};
	objectVersion = 46;
	objects = {

/* Begin PBXBuildFile section */
		1D6009AF92170A0EBFDA401B /* libPods-Chatbrities.a in Frameworks */ = {isa = PBXBuildFile; fileRef = 1DB8B10045335357D1A6FAD8 /* libPods-Chatbrities.a */; };
		387E934B1D08888D0070EEA7 /* main.m in Sources */ = {isa = PBXBuildFile; fileRef = 387E934A1D08888D0070EEA7 /* main.m */; };
		387E934E1D08888D0070EEA7 /* AppDelegate.m in Sources */ = {isa = PBXBuildFile; fileRef = 387E934D1D08888D0070EEA7 /* AppDelegate.m */; };
		387E93541D08888D0070EEA7 /* Main.storyboard in Resources */ = {isa = PBXBuildFile; fileRef = 387E93521D08888D0070EEA7 /* Main.storyboard */; };
		387E93561D08888D0070EEA7 /* Images.xcassets in Resources */ = {isa = PBXBuildFile; fileRef = 387E93551D08888D0070EEA7 /* Images.xcassets */; };
		387E93591D08888D0070EEA7 /* LaunchScreen.xib in Resources */ = {isa = PBXBuildFile; fileRef = 387E93571D08888D0070EEA7 /* LaunchScreen.xib */; };
		387E93701D08962E0070EEA7 /* VendorSelectViewController.m in Sources */ = {isa = PBXBuildFile; fileRef = 387E936F1D08962E0070EEA7 /* VendorSelectViewController.m */; };
		387E93731D0897390070EEA7 /* VendorTableViewCell.m in Sources */ = {isa = PBXBuildFile; fileRef = 387E93721D0897390070EEA7 /* VendorTableViewCell.m */; };
		387E93761D089B8E0070EEA7 /* VendorDetailViewController.m in Sources */ = {isa = PBXBuildFile; fileRef = 387E93751D089B8E0070EEA7 /* VendorDetailViewController.m */; };
		387E93791D08B1A30070EEA7 /* ChatTableViewCell.m in Sources */ = {isa = PBXBuildFile; fileRef = 387E93781D08B1A30070EEA7 /* ChatTableViewCell.m */; };
		3884759E1D11C06F00EACC96 /* CustomUINavigationController.m in Sources */ = {isa = PBXBuildFile; fileRef = 3884759D1D11C06F00EACC96 /* CustomUINavigationController.m */; };
		388475A01D123BBD00EACC96 /* Roboto-Regular.ttf in Resources */ = {isa = PBXBuildFile; fileRef = 3884759F1D123B3000EACC96 /* Roboto-Regular.ttf */; };
		388475AD1D1262EB00EACC96 /* Roboto-Bold.ttf in Resources */ = {isa = PBXBuildFile; fileRef = 388475AC1D1262E700EACC96 /* Roboto-Bold.ttf */; };
		38C46B1F1D0EEC75000F5E5F /* SideMenuUserViewController.m in Sources */ = {isa = PBXBuildFile; fileRef = 38C46B1E1D0EEC75000F5E5F /* SideMenuUserViewController.m */; };
		38C80B121D0DB61E00E0B01F /* Session.m in Sources */ = {isa = PBXBuildFile; fileRef = 38C80B111D0DB61E00E0B01F /* Session.m */; };
		38C80B151D0DCD6700E0B01F /* ChatViewController.m in Sources */ = {isa = PBXBuildFile; fileRef = 38C80B141D0DCD6700E0B01F /* ChatViewController.m */; };
		38C80B181D0E3C3400E0B01F /* UITextField+LeftPadding.m in Sources */ = {isa = PBXBuildFile; fileRef = 38C80B171D0E3C3400E0B01F /* UITextField+LeftPadding.m */; };
		38C80B1F1D0EB39300E0B01F /* WaitingTableViewCell.m in Sources */ = {isa = PBXBuildFile; fileRef = 38C80B1E1D0EB39300E0B01F /* WaitingTableViewCell.m */; };
		38C80B221D0EB3E400E0B01F /* VendorDashboardViewController.m in Sources */ = {isa = PBXBuildFile; fileRef = 38C80B211D0EB3E400E0B01F /* VendorDashboardViewController.m */; };
		38EF76951D0C8D110082C80F /* SideMenuLoginViewController.m in Sources */ = {isa = PBXBuildFile; fileRef = 38EF76941D0C8D110082C80F /* SideMenuLoginViewController.m */; };
/* End PBXBuildFile section */

/* Begin PBXFileReference section */
		1DB8B10045335357D1A6FAD8 /* libPods-Chatbrities.a */ = {isa = PBXFileReference; explicitFileType = archive.ar; includeInIndex = 0; path = "libPods-Chatbrities.a"; sourceTree = BUILT_PRODUCTS_DIR; };
		387E93451D08888D0070EEA7 /* Chatbrities.app */ = {isa = PBXFileReference; explicitFileType = wrapper.application; includeInIndex = 0; path = Chatbrities.app; sourceTree = BUILT_PRODUCTS_DIR; };
		387E93491D08888D0070EEA7 /* Info.plist */ = {isa = PBXFileReference; lastKnownFileType = text.plist.xml; path = Info.plist; sourceTree = "<group>"; };
		387E934A1D08888D0070EEA7 /* main.m */ = {isa = PBXFileReference; lastKnownFileType = sourcecode.c.objc; path = main.m; sourceTree = "<group>"; };
		387E934C1D08888D0070EEA7 /* AppDelegate.h */ = {isa = PBXFileReference; lastKnownFileType = sourcecode.c.h; path = AppDelegate.h; sourceTree = "<group>"; };
		387E934D1D08888D0070EEA7 /* AppDelegate.m */ = {isa = PBXFileReference; lastKnownFileType = sourcecode.c.objc; path = AppDelegate.m; sourceTree = "<group>"; };
		387E93531D08888D0070EEA7 /* Base */ = {isa = PBXFileReference; lastKnownFileType = file.storyboard; name = Base; path = Base.lproj/Main.storyboard; sourceTree = "<group>"; };
		387E93551D08888D0070EEA7 /* Images.xcassets */ = {isa = PBXFileReference; lastKnownFileType = folder.assetcatalog; path = Images.xcassets; sourceTree = "<group>"; };
		387E93581D08888D0070EEA7 /* Base */ = {isa = PBXFileReference; lastKnownFileType = file.xib; name = Base; path = Base.lproj/LaunchScreen.xib; sourceTree = "<group>"; };
		387E936E1D08962E0070EEA7 /* VendorSelectViewController.h */ = {isa = PBXFileReference; fileEncoding = 4; lastKnownFileType = sourcecode.c.h; path = VendorSelectViewController.h; sourceTree = "<group>"; };
		387E936F1D08962E0070EEA7 /* VendorSelectViewController.m */ = {isa = PBXFileReference; fileEncoding = 4; lastKnownFileType = sourcecode.c.objc; path = VendorSelectViewController.m; sourceTree = "<group>"; };
		387E93711D0897390070EEA7 /* VendorTableViewCell.h */ = {isa = PBXFileReference; fileEncoding = 4; lastKnownFileType = sourcecode.c.h; path = VendorTableViewCell.h; sourceTree = "<group>"; };
		387E93721D0897390070EEA7 /* VendorTableViewCell.m */ = {isa = PBXFileReference; fileEncoding = 4; lastKnownFileType = sourcecode.c.objc; path = VendorTableViewCell.m; sourceTree = "<group>"; };
		387E93741D089B8E0070EEA7 /* VendorDetailViewController.h */ = {isa = PBXFileReference; fileEncoding = 4; lastKnownFileType = sourcecode.c.h; path = VendorDetailViewController.h; sourceTree = "<group>"; };
		387E93751D089B8E0070EEA7 /* VendorDetailViewController.m */ = {isa = PBXFileReference; fileEncoding = 4; lastKnownFileType = sourcecode.c.objc; path = VendorDetailViewController.m; sourceTree = "<group>"; };
		387E93771D08B1A30070EEA7 /* ChatTableViewCell.h */ = {isa = PBXFileReference; fileEncoding = 4; lastKnownFileType = sourcecode.c.h; path = ChatTableViewCell.h; sourceTree = "<group>"; };
		387E93781D08B1A30070EEA7 /* ChatTableViewCell.m */ = {isa = PBXFileReference; fileEncoding = 4; lastKnownFileType = sourcecode.c.objc; path = ChatTableViewCell.m; sourceTree = "<group>"; };
		3884759C1D11C06F00EACC96 /* CustomUINavigationController.h */ = {isa = PBXFileReference; fileEncoding = 4; lastKnownFileType = sourcecode.c.h; path = CustomUINavigationController.h; sourceTree = "<group>"; };
		3884759D1D11C06F00EACC96 /* CustomUINavigationController.m */ = {isa = PBXFileReference; fileEncoding = 4; lastKnownFileType = sourcecode.c.objc; path = CustomUINavigationController.m; sourceTree = "<group>"; };
		3884759F1D123B3000EACC96 /* Roboto-Regular.ttf */ = {isa = PBXFileReference; lastKnownFileType = file; path = "Roboto-Regular.ttf"; sourceTree = "<group>"; };
		388475AC1D1262E700EACC96 /* Roboto-Bold.ttf */ = {isa = PBXFileReference; lastKnownFileType = file; path = "Roboto-Bold.ttf"; sourceTree = "<group>"; };
		38C46B1D1D0EEC75000F5E5F /* SideMenuUserViewController.h */ = {isa = PBXFileReference; fileEncoding = 4; lastKnownFileType = sourcecode.c.h; path = SideMenuUserViewController.h; sourceTree = "<group>"; };
		38C46B1E1D0EEC75000F5E5F /* SideMenuUserViewController.m */ = {isa = PBXFileReference; fileEncoding = 4; lastKnownFileType = sourcecode.c.objc; path = SideMenuUserViewController.m; sourceTree = "<group>"; };
		38C80B101D0DB61E00E0B01F /* Session.h */ = {isa = PBXFileReference; fileEncoding = 4; lastKnownFileType = sourcecode.c.h; path = Session.h; sourceTree = "<group>"; };
		38C80B111D0DB61E00E0B01F /* Session.m */ = {isa = PBXFileReference; fileEncoding = 4; lastKnownFileType = sourcecode.c.objc; path = Session.m; sourceTree = "<group>"; };
		38C80B131D0DCD6700E0B01F /* ChatViewController.h */ = {isa = PBXFileReference; fileEncoding = 4; lastKnownFileType = sourcecode.c.h; path = ChatViewController.h; sourceTree = "<group>"; };
		38C80B141D0DCD6700E0B01F /* ChatViewController.m */ = {isa = PBXFileReference; fileEncoding = 4; lastKnownFileType = sourcecode.c.objc; path = ChatViewController.m; sourceTree = "<group>"; };
		38C80B171D0E3C3400E0B01F /* UITextField+LeftPadding.m */ = {isa = PBXFileReference; fileEncoding = 4; lastKnownFileType = sourcecode.c.objc; path = "UITextField+LeftPadding.m"; sourceTree = "<group>"; };
		38C80B191D0E453100E0B01F /* Const.h */ = {isa = PBXFileReference; lastKnownFileType = sourcecode.c.h; path = Const.h; sourceTree = "<group>"; };
		38C80B1D1D0EB39300E0B01F /* WaitingTableViewCell.h */ = {isa = PBXFileReference; fileEncoding = 4; lastKnownFileType = sourcecode.c.h; path = WaitingTableViewCell.h; sourceTree = "<group>"; };
		38C80B1E1D0EB39300E0B01F /* WaitingTableViewCell.m */ = {isa = PBXFileReference; fileEncoding = 4; lastKnownFileType = sourcecode.c.objc; path = WaitingTableViewCell.m; sourceTree = "<group>"; };
		38C80B201D0EB3E400E0B01F /* VendorDashboardViewController.h */ = {isa = PBXFileReference; fileEncoding = 4; lastKnownFileType = sourcecode.c.h; path = VendorDashboardViewController.h; sourceTree = "<group>"; };
		38C80B211D0EB3E400E0B01F /* VendorDashboardViewController.m */ = {isa = PBXFileReference; fileEncoding = 4; lastKnownFileType = sourcecode.c.objc; path = VendorDashboardViewController.m; sourceTree = "<group>"; };
		38EF76931D0C8D110082C80F /* SideMenuLoginViewController.h */ = {isa = PBXFileReference; fileEncoding = 4; lastKnownFileType = sourcecode.c.h; path = SideMenuLoginViewController.h; sourceTree = "<group>"; };
		38EF76941D0C8D110082C80F /* SideMenuLoginViewController.m */ = {isa = PBXFileReference; fileEncoding = 4; lastKnownFileType = sourcecode.c.objc; path = SideMenuLoginViewController.m; sourceTree = "<group>"; };
		7518B312489765F15D2AF276 /* Pods-Chatbrities.release.xcconfig */ = {isa = PBXFileReference; includeInIndex = 1; lastKnownFileType = text.xcconfig; name = "Pods-Chatbrities.release.xcconfig"; path = "Pods/Target Support Files/Pods-Chatbrities/Pods-Chatbrities.release.xcconfig"; sourceTree = "<group>"; };
		8697FF8DA083285D3A0A8057 /* Pods-Chatbrities.debug.xcconfig */ = {isa = PBXFileReference; includeInIndex = 1; lastKnownFileType = text.xcconfig; name = "Pods-Chatbrities.debug.xcconfig"; path = "Pods/Target Support Files/Pods-Chatbrities/Pods-Chatbrities.debug.xcconfig"; sourceTree = "<group>"; };
/* End PBXFileReference section */

/* Begin PBXFrameworksBuildPhase section */
		387E93421D08888D0070EEA7 /* Frameworks */ = {
			isa = PBXFrameworksBuildPhase;
			buildActionMask = 2147483647;
			files = (
				1D6009AF92170A0EBFDA401B /* libPods-Chatbrities.a in Frameworks */,
			);
			runOnlyForDeploymentPostprocessing = 0;
		};
/* End PBXFrameworksBuildPhase section */

/* Begin PBXGroup section */
		00301BFEE00ACC3F3EEC7F46 /* Pods */ = {
			isa = PBXGroup;
			children = (
				8697FF8DA083285D3A0A8057 /* Pods-Chatbrities.debug.xcconfig */,
				7518B312489765F15D2AF276 /* Pods-Chatbrities.release.xcconfig */,
			);
			name = Pods;
			sourceTree = "<group>";
		};
		29271850A071EE4CF1335B75 /* Frameworks */ = {
			isa = PBXGroup;
			children = (
				1DB8B10045335357D1A6FAD8 /* libPods-Chatbrities.a */,
			);
			name = Frameworks;
			sourceTree = "<group>";
		};
		387E933C1D08888D0070EEA7 = {
			isa = PBXGroup;
			children = (
				387E93471D08888D0070EEA7 /* Chatbrities */,
				387E93461D08888D0070EEA7 /* Products */,
				00301BFEE00ACC3F3EEC7F46 /* Pods */,
				29271850A071EE4CF1335B75 /* Frameworks */,
			);
			sourceTree = "<group>";
		};
		387E93461D08888D0070EEA7 /* Products */ = {
			isa = PBXGroup;
			children = (
				387E93451D08888D0070EEA7 /* Chatbrities.app */,
			);
			name = Products;
			sourceTree = "<group>";
		};
		387E93471D08888D0070EEA7 /* Chatbrities */ = {
			isa = PBXGroup;
			children = (
				388475AB1D12405200EACC96 /* AppData */,
				388475AA1D12403D00EACC96 /* TableCell */,
				388475A91D12402000EACC96 /* SideMenuController */,
				388475A81D12400700EACC96 /* ViewController */,
				388475A41D123EDC00EACC96 /* Resources */,
				388475A31D123E3B00EACC96 /* CustomControl */,
				387E934C1D08888D0070EEA7 /* AppDelegate.h */,
				387E934D1D08888D0070EEA7 /* AppDelegate.m */,
				3884759C1D11C06F00EACC96 /* CustomUINavigationController.h */,
				3884759D1D11C06F00EACC96 /* CustomUINavigationController.m */,
				387E93481D08888D0070EEA7 /* Supporting Files */,
			);
			path = Chatbrities;
			sourceTree = "<group>";
		};
		387E93481D08888D0070EEA7 /* Supporting Files */ = {
			isa = PBXGroup;
			children = (
				387E93491D08888D0070EEA7 /* Info.plist */,
				387E934A1D08888D0070EEA7 /* main.m */,
			);
			name = "Supporting Files";
			sourceTree = "<group>";
		};
		388475A31D123E3B00EACC96 /* CustomControl */ = {
			isa = PBXGroup;
			children = (
				38C80B171D0E3C3400E0B01F /* UITextField+LeftPadding.m */,
			);
			name = CustomControl;
			sourceTree = "<group>";
		};
		388475A41D123EDC00EACC96 /* Resources */ = {
			isa = PBXGroup;
			children = (
				387E93521D08888D0070EEA7 /* Main.storyboard */,
				387E93551D08888D0070EEA7 /* Images.xcassets */,
				387E93571D08888D0070EEA7 /* LaunchScreen.xib */,
				388475A51D123EE400EACC96 /* Fonts */,
			);
			name = Resources;
			sourceTree = "<group>";
		};
		388475A51D123EE400EACC96 /* Fonts */ = {
			isa = PBXGroup;
			children = (
				388475AC1D1262E700EACC96 /* Roboto-Bold.ttf */,
				3884759F1D123B3000EACC96 /* Roboto-Regular.ttf */,
			);
			name = Fonts;
			sourceTree = "<group>";
		};
		388475A81D12400700EACC96 /* ViewController */ = {
			isa = PBXGroup;
			children = (
				38C80B131D0DCD6700E0B01F /* ChatViewController.h */,
				38C80B141D0DCD6700E0B01F /* ChatViewController.m */,
				387E936E1D08962E0070EEA7 /* VendorSelectViewController.h */,
				387E936F1D08962E0070EEA7 /* VendorSelectViewController.m */,
				38C80B201D0EB3E400E0B01F /* VendorDashboardViewController.h */,
				38C80B211D0EB3E400E0B01F /* VendorDashboardViewController.m */,
				387E93741D089B8E0070EEA7 /* VendorDetailViewController.h */,
				387E93751D089B8E0070EEA7 /* VendorDetailViewController.m */,
			);
			name = ViewController;
			sourceTree = "<group>";
		};
		388475A91D12402000EACC96 /* SideMenuController */ = {
			isa = PBXGroup;
			children = (
				38EF76931D0C8D110082C80F /* SideMenuLoginViewController.h */,
				38EF76941D0C8D110082C80F /* SideMenuLoginViewController.m */,
				38C46B1D1D0EEC75000F5E5F /* SideMenuUserViewController.h */,
				38C46B1E1D0EEC75000F5E5F /* SideMenuUserViewController.m */,
			);
			name = SideMenuController;
			sourceTree = "<group>";
		};
		388475AA1D12403D00EACC96 /* TableCell */ = {
			isa = PBXGroup;
			children = (
				387E93771D08B1A30070EEA7 /* ChatTableViewCell.h */,
				387E93781D08B1A30070EEA7 /* ChatTableViewCell.m */,
				387E93711D0897390070EEA7 /* VendorTableViewCell.h */,
				387E93721D0897390070EEA7 /* VendorTableViewCell.m */,
				38C80B1D1D0EB39300E0B01F /* WaitingTableViewCell.h */,
				38C80B1E1D0EB39300E0B01F /* WaitingTableViewCell.m */,
			);
			name = TableCell;
			sourceTree = "<group>";
		};
		388475AB1D12405200EACC96 /* AppData */ = {
			isa = PBXGroup;
			children = (
				38C80B101D0DB61E00E0B01F /* Session.h */,
				38C80B111D0DB61E00E0B01F /* Session.m */,
				38C80B191D0E453100E0B01F /* Const.h */,
			);
			name = AppData;
			sourceTree = "<group>";
		};
/* End PBXGroup section */

/* Begin PBXNativeTarget section */
		387E93441D08888D0070EEA7 /* Chatbrities */ = {
			isa = PBXNativeTarget;
			buildConfigurationList = 387E93681D08888D0070EEA7 /* Build configuration list for PBXNativeTarget "Chatbrities" */;
			buildPhases = (
				B0C252549BAF8069591C9951 /* [CP] Check Pods Manifest.lock */,
				387E93411D08888D0070EEA7 /* Sources */,
				387E93421D08888D0070EEA7 /* Frameworks */,
				387E93431D08888D0070EEA7 /* Resources */,
				0F6754412FACF98570458244 /* [CP] Embed Pods Frameworks */,
				93053987E2EA10471372EEC5 /* [CP] Copy Pods Resources */,
			);
			buildRules = (
			);
			dependencies = (
			);
			name = Chatbrities;
			productName = HappyChat;
			productReference = 387E93451D08888D0070EEA7 /* Chatbrities.app */;
			productType = "com.apple.product-type.application";
		};
/* End PBXNativeTarget section */

/* Begin PBXProject section */
		387E933D1D08888D0070EEA7 /* Project object */ = {
			isa = PBXProject;
			attributes = {
				LastUpgradeCheck = 0640;
				ORGANIZATIONNAME = NikolaiTomov;
				TargetAttributes = {
					387E93441D08888D0070EEA7 = {
						CreatedOnToolsVersion = 6.4;
						DevelopmentTeam = 8JXS36Q6RX;
					};
				};
			};
			buildConfigurationList = 387E93401D08888D0070EEA7 /* Build configuration list for PBXProject "Chatbrities" */;
			compatibilityVersion = "Xcode 3.2";
			developmentRegion = English;
			hasScannedForEncodings = 0;
			knownRegions = (
				en,
				Base,
			);
			mainGroup = 387E933C1D08888D0070EEA7;
			productRefGroup = 387E93461D08888D0070EEA7 /* Products */;
			projectDirPath = "";
			projectRoot = "";
			targets = (
				387E93441D08888D0070EEA7 /* Chatbrities */,
			);
		};
/* End PBXProject section */

/* Begin PBXResourcesBuildPhase section */
		387E93431D08888D0070EEA7 /* Resources */ = {
			isa = PBXResourcesBuildPhase;
			buildActionMask = 2147483647;
			files = (
				387E93541D08888D0070EEA7 /* Main.storyboard in Resources */,
				387E93591D08888D0070EEA7 /* LaunchScreen.xib in Resources */,
				388475AD1D1262EB00EACC96 /* Roboto-Bold.ttf in Resources */,
				388475A01D123BBD00EACC96 /* Roboto-Regular.ttf in Resources */,
				387E93561D08888D0070EEA7 /* Images.xcassets in Resources */,
			);
			runOnlyForDeploymentPostprocessing = 0;
		};
/* End PBXResourcesBuildPhase section */

/* Begin PBXShellScriptBuildPhase section */
		0F6754412FACF98570458244 /* [CP] Embed Pods Frameworks */ = {
			isa = PBXShellScriptBuildPhase;
			buildActionMask = 2147483647;
			files = (
			);
			inputPaths = (
			);
			name = "[CP] Embed Pods Frameworks";
			outputPaths = (
			);
			runOnlyForDeploymentPostprocessing = 0;
			shellPath = /bin/sh;
			shellScript = "\"${SRCROOT}/Pods/Target Support Files/Pods-Chatbrities/Pods-Chatbrities-frameworks.sh\"\n";
			showEnvVarsInLog = 0;
		};
		93053987E2EA10471372EEC5 /* [CP] Copy Pods Resources */ = {
			isa = PBXShellScriptBuildPhase;
			buildActionMask = 2147483647;
			files = (
			);
			inputPaths = (
			);
			name = "[CP] Copy Pods Resources";
			outputPaths = (
			);
			runOnlyForDeploymentPostprocessing = 0;
			shellPath = /bin/sh;
			shellScript = "\"${SRCROOT}/Pods/Target Support Files/Pods-Chatbrities/Pods-Chatbrities-resources.sh\"\n";
			showEnvVarsInLog = 0;
		};
		B0C252549BAF8069591C9951 /* [CP] Check Pods Manifest.lock */ = {
			isa = PBXShellScriptBuildPhase;
			buildActionMask = 2147483647;
			files = (
			);
			inputPaths = (
			);
			name = "[CP] Check Pods Manifest.lock";
			outputPaths = (
			);
			runOnlyForDeploymentPostprocessing = 0;
			shellPath = /bin/sh;
			shellScript = "diff \"${PODS_ROOT}/../Podfile.lock\" \"${PODS_ROOT}/Manifest.lock\" > /dev/null\nif [[ $? != 0 ]] ; then\n    cat << EOM\nerror: The sandbox is not in sync with the Podfile.lock. Run 'pod install' or update your CocoaPods installation.\nEOM\n    exit 1\nfi\n";
			showEnvVarsInLog = 0;
		};
/* End PBXShellScriptBuildPhase section */

/* Begin PBXSourcesBuildPhase section */
		387E93411D08888D0070EEA7 /* Sources */ = {
			isa = PBXSourcesBuildPhase;
			buildActionMask = 2147483647;
			files = (
				387E93701D08962E0070EEA7 /* VendorSelectViewController.m in Sources */,
				38C46B1F1D0EEC75000F5E5F /* SideMenuUserViewController.m in Sources */,
				38EF76951D0C8D110082C80F /* SideMenuLoginViewController.m in Sources */,
				38C80B221D0EB3E400E0B01F /* VendorDashboardViewController.m in Sources */,
				38C80B151D0DCD6700E0B01F /* ChatViewController.m in Sources */,
				3884759E1D11C06F00EACC96 /* CustomUINavigationController.m in Sources */,
				38C80B121D0DB61E00E0B01F /* Session.m in Sources */,
				38C80B181D0E3C3400E0B01F /* UITextField+LeftPadding.m in Sources */,
				387E934E1D08888D0070EEA7 /* AppDelegate.m in Sources */,
				38C80B1F1D0EB39300E0B01F /* WaitingTableViewCell.m in Sources */,
				387E93791D08B1A30070EEA7 /* ChatTableViewCell.m in Sources */,
				387E93761D089B8E0070EEA7 /* VendorDetailViewController.m in Sources */,
				387E934B1D08888D0070EEA7 /* main.m in Sources */,
				387E93731D0897390070EEA7 /* VendorTableViewCell.m in Sources */,
			);
			runOnlyForDeploymentPostprocessing = 0;
		};
/* End PBXSourcesBuildPhase section */

/* Begin PBXVariantGroup section */
		387E93521D08888D0070EEA7 /* Main.storyboard */ = {
			isa = PBXVariantGroup;
			children = (
				387E93531D08888D0070EEA7 /* Base */,
			);
			name = Main.storyboard;
			sourceTree = "<group>";
		};
		387E93571D08888D0070EEA7 /* LaunchScreen.xib */ = {
			isa = PBXVariantGroup;
			children = (
				387E93581D08888D0070EEA7 /* Base */,
			);
			name = LaunchScreen.xib;
			sourceTree = "<group>";
		};
/* End PBXVariantGroup section */

/* Begin XCBuildConfiguration section */
		387E93661D08888D0070EEA7 /* Debug */ = {
			isa = XCBuildConfiguration;
			buildSettings = {
				ALWAYS_SEARCH_USER_PATHS = NO;
				CLANG_CXX_LANGUAGE_STANDARD = "gnu++0x";
				CLANG_CXX_LIBRARY = "libc++";
				CLANG_ENABLE_MODULES = YES;
				CLANG_ENABLE_OBJC_ARC = YES;
				CLANG_WARN_BOOL_CONVERSION = YES;
				CLANG_WARN_CONSTANT_CONVERSION = YES;
				CLANG_WARN_DIRECT_OBJC_ISA_USAGE = YES_ERROR;
				CLANG_WARN_EMPTY_BODY = YES;
				CLANG_WARN_ENUM_CONVERSION = YES;
				CLANG_WARN_INT_CONVERSION = YES;
				CLANG_WARN_OBJC_ROOT_CLASS = YES_ERROR;
				CLANG_WARN_UNREACHABLE_CODE = YES;
				CLANG_WARN__DUPLICATE_METHOD_MATCH = YES;
				CODE_SIGN_IDENTITY = "iPhone Distribution: Tuan Nguyen (8JXS36Q6RX)";
				"CODE_SIGN_IDENTITY[sdk=iphoneos*]" = "iPhone Distribution: Tuan Nguyen (8JXS36Q6RX)";
				COPY_PHASE_STRIP = NO;
				DEBUG_INFORMATION_FORMAT = "dwarf-with-dsym";
				ENABLE_BITCODE = NO;
				ENABLE_STRICT_OBJC_MSGSEND = YES;
				GCC_C_LANGUAGE_STANDARD = gnu99;
				GCC_DYNAMIC_NO_PIC = NO;
				GCC_NO_COMMON_BLOCKS = YES;
				GCC_OPTIMIZATION_LEVEL = 0;
				GCC_PREPROCESSOR_DEFINITIONS = (
					"DEBUG=1",
					"$(inherited)",
				);
				GCC_SYMBOLS_PRIVATE_EXTERN = NO;
				GCC_WARN_64_TO_32_BIT_CONVERSION = YES;
				GCC_WARN_ABOUT_RETURN_TYPE = YES_ERROR;
				GCC_WARN_UNDECLARED_SELECTOR = YES;
				GCC_WARN_UNINITIALIZED_AUTOS = YES_AGGRESSIVE;
				GCC_WARN_UNUSED_FUNCTION = YES;
				GCC_WARN_UNUSED_VARIABLE = YES;
				IPHONEOS_DEPLOYMENT_TARGET = 8.4;
				MTL_ENABLE_DEBUG_INFO = YES;
				ONLY_ACTIVE_ARCH = YES;
				SDKROOT = iphoneos;
				TARGETED_DEVICE_FAMILY = "1,2";
			};
			name = Debug;
		};
		387E93671D08888D0070EEA7 /* Release */ = {
			isa = XCBuildConfiguration;
			buildSettings = {
				ALWAYS_SEARCH_USER_PATHS = NO;
				CLANG_CXX_LANGUAGE_STANDARD = "gnu++0x";
				CLANG_CXX_LIBRARY = "libc++";
				CLANG_ENABLE_MODULES = YES;
				CLANG_ENABLE_OBJC_ARC = YES;
				CLANG_WARN_BOOL_CONVERSION = YES;
				CLANG_WARN_CONSTANT_CONVERSION = YES;
				CLANG_WARN_DIRECT_OBJC_ISA_USAGE = YES_ERROR;
				CLANG_WARN_EMPTY_BODY = YES;
				CLANG_WARN_ENUM_CONVERSION = YES;
				CLANG_WARN_INT_CONVERSION = YES;
				CLANG_WARN_OBJC_ROOT_CLASS = YES_ERROR;
				CLANG_WARN_UNREACHABLE_CODE = YES;
				CLANG_WARN__DUPLICATE_METHOD_MATCH = YES;
				CODE_SIGN_IDENTITY = "iPhone Distribution: Tuan Nguyen (8JXS36Q6RX)";
				"CODE_SIGN_IDENTITY[sdk=iphoneos*]" = "iPhone Distribution: Tuan Nguyen (8JXS36Q6RX)";
				COPY_PHASE_STRIP = NO;
				DEBUG_INFORMATION_FORMAT = "dwarf-with-dsym";
				ENABLE_BITCODE = NO;
				ENABLE_NS_ASSERTIONS = NO;
				ENABLE_STRICT_OBJC_MSGSEND = YES;
				GCC_C_LANGUAGE_STANDARD = gnu99;
				GCC_NO_COMMON_BLOCKS = YES;
				GCC_WARN_64_TO_32_BIT_CONVERSION = YES;
				GCC_WARN_ABOUT_RETURN_TYPE = YES_ERROR;
				GCC_WARN_UNDECLARED_SELECTOR = YES;
				GCC_WARN_UNINITIALIZED_AUTOS = YES_AGGRESSIVE;
				GCC_WARN_UNUSED_FUNCTION = YES;
				GCC_WARN_UNUSED_VARIABLE = YES;
				IPHONEOS_DEPLOYMENT_TARGET = 8.4;
				MTL_ENABLE_DEBUG_INFO = NO;
				SDKROOT = iphoneos;
				TARGETED_DEVICE_FAMILY = "1,2";
				VALIDATE_PRODUCT = YES;
			};
			name = Release;
		};
		387E93691D08888D0070EEA7 /* Debug */ = {
			isa = XCBuildConfiguration;
			baseConfigurationReference = 8697FF8DA083285D3A0A8057 /* Pods-Chatbrities.debug.xcconfig */;
			buildSettings = {
				ASSETCATALOG_COMPILER_APPICON_NAME = AppIcon;
				CODE_SIGN_IDENTITY = "iPhone Developer: Tuan Nguyen (8C28669M4Q)";
				INFOPLIST_FILE = "$(SRCROOT)/Chatbrities/Info.plist";
				LD_RUNPATH_SEARCH_PATHS = "$(inherited) @executable_path/Frameworks";
				PRODUCT_NAME = Chatbrities;
			};
			name = Debug;
		};
		387E936A1D08888D0070EEA7 /* Release */ = {
			isa = XCBuildConfiguration;
			baseConfigurationReference = 7518B312489765F15D2AF276 /* Pods-Chatbrities.release.xcconfig */;
			buildSettings = {
				ASSETCATALOG_COMPILER_APPICON_NAME = AppIcon;
				CODE_SIGN_IDENTITY = "iPhone Developer: Tuan Nguyen (8C28669M4Q)";
				INFOPLIST_FILE = "$(SRCROOT)/Chatbrities/Info.plist";
				LD_RUNPATH_SEARCH_PATHS = "$(inherited) @executable_path/Frameworks";
				PRODUCT_NAME = Chatbrities;
			};
			name = Release;
		};
/* End XCBuildConfiguration section */

/* Begin XCConfigurationList section */
		387E93401D08888D0070EEA7 /* Build configuration list for PBXProject "Chatbrities" */ = {
			isa = XCConfigurationList;
			buildConfigurations = (
				387E93661D08888D0070EEA7 /* Debug */,
				387E93671D08888D0070EEA7 /* Release */,
			);
			defaultConfigurationIsVisible = 0;
			defaultConfigurationName = Release;
		};
		387E93681D08888D0070EEA7 /* Build configuration list for PBXNativeTarget "Chatbrities" */ = {
			isa = XCConfigurationList;
			buildConfigurations = (
				387E93691D08888D0070EEA7 /* Debug */,
				387E936A1D08888D0070EEA7 /* Release */,
			);
			defaultConfigurationIsVisible = 0;
			defaultConfigurationName = Release;
		};
/* End XCConfigurationList section */
	};
	rootObject = 387E933D1D08888D0070EEA7 /* Project object */;
}
